lockVersion: 2.0.0
id: 4fd62506-320b-445e-8949-7d2ca6950524
management:
  docChecksum: 00e173209ee87c215970773789a89b4a
  docVersion: "1.4"
  speakeasyVersion: internal
  generationVersion: 2.272.4
  releaseVersion: 0.6.2
  configChecksum: e49fd9e2c804cd47128c34d6672ed5bb
  repoURL: https://github.com/speakeasy-sdks/blah.git
  repoSubDirectory: .
  installationURL: https://github.com/speakeasy-sdks/blah
  published: true
features:
  go:
    core: 3.4.3
    downloadStreams: 0.1.1
    globalServerURLs: 2.82.1
    methodServerURLs: 2.82.1
generatedFiles:
  - echo.go
  - bodyparams.go
  - errorcodes.go
  - formparams.go
  - header.go
  - queryparam.go
  - responsetypes.go
  - tester.go
  - go.mod
  - pkg/models/sdkerrors/sdkerror.go
  - pkg/types/bigint.go
  - pkg/types/date.go
  - pkg/types/datetime.go
  - pkg/types/decimal.go
  - pkg/types/pointers.go
  - pkg/utils/contenttype.go
  - pkg/utils/form.go
  - pkg/utils/headers.go
  - pkg/utils/json.go
  - pkg/utils/pathparams.go
  - pkg/utils/queryparams.go
  - pkg/utils/requestbody.go
  - pkg/utils/retries.go
  - pkg/utils/security.go
  - pkg/utils/utils.go
  - /pkg/models/operations/jsonecho.go
  - /pkg/models/operations/queryecho.go
  - /pkg/models/operations/postsenddate.go
  - /pkg/models/operations/postsendintegerarray.go
  - /pkg/models/operations/postsendintegerenumarray.go
  - /pkg/models/operations/postsendmodel.go
  - /pkg/models/operations/postsendrfc1123datetime.go
  - /pkg/models/operations/postsendrfc3339datetime.go
  - /pkg/models/operations/postsendstringarray.go
  - /pkg/models/operations/postsendstringenumarray.go
  - /pkg/models/operations/postsendunixdatetime.go
  - /pkg/models/operations/senddeletebodywithmodel.go
  - /pkg/models/operations/senddeleteplaintext.go
  - /pkg/models/operations/senddynamic.go
  - /pkg/models/operations/updatemodel.go
  - /pkg/models/operations/senddeletebody.go
  - /pkg/models/operations/updatestring.go
  - /pkg/models/operations/get400.go
  - /pkg/models/operations/get401.go
  - /pkg/models/operations/get500.go
  - /pkg/models/operations/get501.go
  - /pkg/models/operations/catch412globalerror.go
  - /pkg/models/operations/senddate.go
  - /pkg/models/operations/sendfile.go
  - /pkg/models/operations/sendintegerenumarray.go
  - /pkg/models/operations/sendlong.go
  - /pkg/models/operations/sendmixedarray.go
  - /pkg/models/operations/sendmodel.go
  - /pkg/models/operations/sendrfc1123datetime.go
  - /pkg/models/operations/sendrfc3339datetime.go
  - /pkg/models/operations/sendstringarray.go
  - /pkg/models/operations/sendstringenumarray.go
  - /pkg/models/operations/sendunixdatetime.go
  - /pkg/models/operations/updatemodelwithform.go
  - /pkg/models/operations/senddeletemultipart.go
  - /pkg/models/operations/senddeleteform.go
  - /pkg/models/operations/senddeleteform1.go
  - /pkg/models/operations/updatestringwithform.go
  - /pkg/models/operations/sendheaders.go
  - /pkg/models/operations/date.go
  - /pkg/models/operations/datearray.go
  - /pkg/models/operations/integerenumarray.go
  - /pkg/models/operations/multipleparams.go
  - /pkg/models/operations/noparams.go
  - /pkg/models/operations/numberarray.go
  - /pkg/models/operations/optionaldynamicqueryparam.go
  - /pkg/models/operations/rfc1123datetime.go
  - /pkg/models/operations/rfc1123datetimearray.go
  - /pkg/models/operations/rfc3339datetime.go
  - /pkg/models/operations/rfc3339datetimearray.go
  - /pkg/models/operations/simplequery.go
  - /pkg/models/operations/stringarray.go
  - /pkg/models/operations/stringenumarray.go
  - /pkg/models/operations/stringparam.go
  - /pkg/models/operations/unixdatetime.go
  - /pkg/models/operations/unixdatetimearray.go
  - /pkg/models/operations/urlparam.go
  - /pkg/models/operations/get1123datetime.go
  - /pkg/models/operations/get3339datetime.go
  - /pkg/models/operations/getbinary.go
  - /pkg/models/operations/getboolean.go
  - /pkg/models/operations/getdatearray.go
  - /pkg/models/operations/getdynamic.go
  - /pkg/models/operations/getheaders.go
  - /pkg/models/operations/getinteger.go
  - /pkg/models/operations/getlong.go
  - /pkg/models/operations/getmodelarray.go
  - /pkg/models/operations/getprecision.go
  - /pkg/models/operations/getstringenumarray.go
  - /pkg/models/operations/getunixdatetime.go
  - /pkg/models/operations/getcontenttypeheaders.go
  - /pkg/models/operations/returnresponsewithenums.go
  - /pkg/models/sdkerrors/globaltestexception.go
  - /pkg/models/sdkerrors/nestedmodelexception.go
  - /pkg/models/sdkerrors/localtestexception.go
  - /pkg/models/shared/validate.go
  - /pkg/models/shared/echoresponse.go
  - /pkg/models/shared/queryparameter.go
  - /pkg/models/shared/serverresponse.go
  - /pkg/models/shared/suitecode.go
  - /pkg/models/shared/employee.go
  - /pkg/models/shared/days.go
  - /pkg/models/shared/person.go
  - docs/pkg/models/operations/jsonechorequestbody.md
  - docs/pkg/models/operations/jsonechoresponse.md
  - docs/pkg/models/operations/queryechoresponse.md
  - docs/pkg/models/operations/postsenddateresponse.md
  - docs/pkg/models/operations/postsendintegerarrayrequest.md
  - docs/pkg/models/operations/postsendintegerarrayresponse.md
  - docs/pkg/models/operations/postsendintegerenumarrayrequest.md
  - docs/pkg/models/operations/postsendintegerenumarrayresponse.md
  - docs/pkg/models/operations/postsendmodelresponse.md
  - docs/pkg/models/operations/postsendrfc1123datetimeresponse.md
  - docs/pkg/models/operations/postsendrfc3339datetimeresponse.md
  - docs/pkg/models/operations/postsendstringarrayrequest.md
  - docs/pkg/models/operations/postsendstringarrayresponse.md
  - docs/pkg/models/operations/postsendstringenumarrayrequest.md
  - docs/pkg/models/operations/postsendstringenumarrayresponse.md
  - docs/pkg/models/operations/postsendunixdatetimeresponse.md
  - docs/pkg/models/operations/senddeletebodywithmodelresponse.md
  - docs/pkg/models/operations/senddeleteplaintextresponse.md
  - docs/pkg/models/operations/senddynamicrequestbody.md
  - docs/pkg/models/operations/senddynamicresponse.md
  - docs/pkg/models/operations/updatemodelresponse.md
  - docs/pkg/models/operations/senddeletebodyresponse.md
  - docs/pkg/models/operations/updatestringresponse.md
  - docs/pkg/models/operations/get400response.md
  - docs/pkg/models/operations/get401response.md
  - docs/pkg/models/operations/get500response.md
  - docs/pkg/models/operations/get501response.md
  - docs/pkg/models/operations/catch412globalerrorresponse.md
  - docs/types/date.md
  - docs/pkg/models/operations/senddaterequestbody.md
  - docs/pkg/models/operations/senddateresponse.md
  - docs/pkg/models/operations/file.md
  - docs/pkg/models/operations/sendfilerequestbody.md
  - docs/pkg/models/operations/sendfileresponse.md
  - docs/pkg/models/operations/sendintegerenumarrayrequestbody.md
  - docs/pkg/models/operations/sendintegerenumarrayrequest.md
  - docs/pkg/models/operations/sendintegerenumarrayresponse.md
  - docs/pkg/models/operations/sendlongrequestbody.md
  - docs/pkg/models/operations/sendlongresponse.md
  - docs/pkg/models/operations/sendmixedarrayfile.md
  - docs/pkg/models/operations/sendmixedarrayrequestbody.md
  - docs/pkg/models/operations/sendmixedarrayresponse.md
  - docs/pkg/models/operations/sendmodelrequestbody.md
  - docs/pkg/models/operations/sendmodelresponse.md
  - docs/pkg/models/operations/sendrfc1123datetimerequestbody.md
  - docs/pkg/models/operations/sendrfc1123datetimeresponse.md
  - docs/pkg/models/operations/sendrfc3339datetimerequestbody.md
  - docs/pkg/models/operations/sendrfc3339datetimeresponse.md
  - docs/pkg/models/operations/sendstringarrayrequestbody.md
  - docs/pkg/models/operations/sendstringarrayrequest.md
  - docs/pkg/models/operations/sendstringarrayresponse.md
  - docs/pkg/models/operations/sendstringenumarrayrequestbody.md
  - docs/pkg/models/operations/sendstringenumarrayrequest.md
  - docs/pkg/models/operations/sendstringenumarrayresponse.md
  - docs/pkg/models/operations/sendunixdatetimerequestbody.md
  - docs/pkg/models/operations/sendunixdatetimeresponse.md
  - docs/pkg/models/operations/updatemodelwithformrequestbody.md
  - docs/pkg/models/operations/updatemodelwithformresponse.md
  - docs/pkg/models/operations/senddeletemultipartresponse.md
  - docs/pkg/models/operations/senddeleteformresponse.md
  - docs/pkg/models/operations/senddeleteform1response.md
  - docs/pkg/models/operations/updatestringwithformrequestbody.md
  - docs/pkg/models/operations/updatestringwithformresponse.md
  - docs/pkg/models/operations/sendheadersrequestbody.md
  - docs/pkg/models/operations/sendheadersrequest.md
  - docs/pkg/models/operations/sendheadersresponse.md
  - docs/pkg/models/operations/daterequest.md
  - docs/pkg/models/operations/dateresponse.md
  - docs/pkg/models/operations/datearrayrequest.md
  - docs/pkg/models/operations/datearrayresponse.md
  - docs/pkg/models/operations/integerenumarrayrequest.md
  - docs/pkg/models/operations/integerenumarrayresponse.md
  - docs/pkg/models/operations/multipleparamsrequest.md
  - docs/pkg/models/operations/multipleparamsresponse.md
  - docs/pkg/models/operations/noparamsresponse.md
  - docs/pkg/models/operations/numberarrayrequest.md
  - docs/pkg/models/operations/numberarrayresponse.md
  - docs/pkg/models/operations/optionaldynamicqueryparamrequest.md
  - docs/pkg/models/operations/optionaldynamicqueryparamresponse.md
  - docs/pkg/models/operations/rfc1123datetimerequest.md
  - docs/pkg/models/operations/rfc1123datetimeresponse.md
  - docs/pkg/models/operations/rfc1123datetimearrayrequest.md
  - docs/pkg/models/operations/rfc1123datetimearrayresponse.md
  - docs/pkg/models/operations/rfc3339datetimerequest.md
  - docs/pkg/models/operations/rfc3339datetimeresponse.md
  - docs/pkg/models/operations/rfc3339datetimearrayrequest.md
  - docs/pkg/models/operations/rfc3339datetimearrayresponse.md
  - docs/pkg/models/operations/simplequeryrequest.md
  - docs/pkg/models/operations/simplequeryresponse.md
  - docs/pkg/models/operations/stringarrayrequest.md
  - docs/pkg/models/operations/stringarrayresponse.md
  - docs/pkg/models/operations/stringenumarrayrequest.md
  - docs/pkg/models/operations/stringenumarrayresponse.md
  - docs/pkg/models/operations/stringparamrequest.md
  - docs/pkg/models/operations/stringparamresponse.md
  - docs/pkg/models/operations/unixdatetimerequest.md
  - docs/pkg/models/operations/unixdatetimeresponse.md
  - docs/pkg/models/operations/unixdatetimearrayrequest.md
  - docs/pkg/models/operations/unixdatetimearrayresponse.md
  - docs/pkg/models/operations/urlparamrequest.md
  - docs/pkg/models/operations/urlparamresponse.md
  - docs/pkg/models/operations/get1123datetimeresponse.md
  - docs/pkg/models/operations/get3339datetimeresponse.md
  - docs/pkg/models/operations/getbinaryresponse.md
  - docs/pkg/models/operations/getbooleanresponse.md
  - docs/pkg/models/operations/getdatearrayrequest.md
  - docs/pkg/models/operations/getdatearrayresponse.md
  - docs/pkg/models/operations/getdynamicresponse.md
  - docs/pkg/models/operations/getheadersresponse.md
  - docs/pkg/models/operations/getintegerresponse.md
  - docs/pkg/models/operations/getlongresponse.md
  - docs/pkg/models/operations/getmodelarrayrequest.md
  - docs/pkg/models/operations/getmodelarrayresponse.md
  - docs/pkg/models/operations/getprecisionresponse.md
  - docs/pkg/models/operations/type.md
  - docs/pkg/models/operations/getstringenumarrayrequest.md
  - docs/pkg/models/operations/getstringenumarrayresponse.md
  - docs/pkg/models/operations/getunixdatetimeresponse.md
  - docs/pkg/models/operations/getcontenttypeheadersresponse.md
  - docs/pkg/models/operations/attributes.md
  - docs/pkg/models/operations/paramformat.md
  - docs/pkg/models/operations/returnresponsewithenumstype.md
  - docs/pkg/models/operations/returnresponsewithenumsresponsewithenum.md
  - docs/pkg/models/operations/returnresponsewithenumsresponse.md
  - docs/pkg/models/sdkerrors/globaltestexception.md
  - docs/pkg/models/sdkerrors/nestedmodelexception.md
  - docs/pkg/models/sdkerrors/localtestexception.md
  - docs/pkg/models/shared/validate.md
  - docs/pkg/models/shared/body.md
  - docs/pkg/models/shared/echoresponse.md
  - docs/pkg/models/shared/queryparameter.md
  - docs/pkg/models/shared/input.md
  - docs/pkg/models/shared/serverresponse.md
  - docs/pkg/models/shared/suitecode.md
  - docs/pkg/models/shared/employee.md
  - docs/pkg/models/shared/days.md
  - docs/pkg/models/shared/person.md
  - docs/sdks/tester/README.md
  - docs/sdks/echo/README.md
  - docs/sdks/bodyparams/README.md
  - docs/sdks/errorcodes/README.md
  - docs/sdks/formparams/README.md
  - docs/sdks/header/README.md
  - docs/sdks/queryparam/README.md
  - docs/pkg/models/operations/option.md
  - docs/sdks/responsetypes/README.md
  - USAGE.md
  - pkg/models/operations/options.go
  - .gitattributes
  - internal/hooks/hooks.go
